
Microsoft Visual Studio Solution File, Format Version 12.00
# Visual Studio Version 17
VisualStudioVersion = 17.13.35806.99 d17.13
MinimumVisualStudioVersion = 10.0.40219.1
Project("{FAE04EC0-301F-11D3-BF4B-00C04F79EFBC}") = "PRova1", "PRova1\PRova1.csproj", "{469FAE59-393C-4324-8512-D293232DCE3E}"
EndProject
Global
	GlobalSection(SolutionConfigurationPlatforms) = preSolution
		Debug|Any CPU = Debug|Any CPU
		Release|Any CPU = Release|Any CPU
	EndGlobalSection
	GlobalSection(ProjectConfigurationPlatforms) = postSolution
		{469FAE59-393C-4324-8512-D293232DCE3E}.Debug|Any CPU.ActiveCfg = Debug|Any CPU
		{469FAE59-393C-4324-8512-D293232DCE3E}.Debug|Any CPU.Build.0 = Debug|Any CPU
		{469FAE59-393C-4324-8512-D293232DCE3E}.Release|Any CPU.ActiveCfg = Release|Any CPU
		{469FAE59-393C-4324-8512-D293232DCE3E}.Release|Any CPU.Build.0 = Release|Any CPU
	EndGlobalSection
	GlobalSection(SolutionProperties) = preSolution
		HideSolutionNode = FALSE
	EndGlobalSection
	GlobalSection(ExtensibilityGlobals) = postSolution
		SolutionGuid = {F6458E5B-F6DD-4E2D-B82C-5777C4E6106D}
	EndGlobalSection
EndGlobal
